{
  "nodes": {
    "flake-compat": {
      "flake": false,
      "locked": {
        "lastModified": 1696426674,
        "narHash": "sha256-kvjfFW7WAETZlt09AgDn1MrtKzP7t90Vf7vypd3OL1U=",
        "owner": "edolstra",
        "repo": "flake-compat",
        "rev": "0f9255e01c2351cc7d116c072cb317785dd33b33",
        "type": "github"
      },
      "original": {
        "owner": "edolstra",
        "repo": "flake-compat",
        "type": "github"
      }
    },
    "nixpkgs": {
      "locked": {
        "lastModified": 1743095683,
        "narHash": "sha256-gWd4urRoLRe8GLVC/3rYRae1h+xfQzt09xOfb0PaHSk=",
        "owner": "nixos",
        "repo": "nixpkgs",
        "rev": "5e5402ecbcb27af32284d4a62553c019a3a49ea6",
        "type": "github"
      },
      "original": {
        "owner": "nixos",
        "ref": "nixos-unstable",
        "repo": "nixpkgs",
        "type": "github"
      }
    },
    "nixpkgs_2": {
      "locked": {
        "lastModified": 1702882221,
        "narHash": "sha256-L/uOrBqkGsa45EvQk4DLq/aR6JeomW+7Mwe0mC/dVUM=",
        "owner": "nixos",
        "repo": "nixpkgs",
        "rev": "25fef6e30d8ad48f47a8411ccfe986d8baed8a15",
        "type": "github"
      },
      "original": {
        "owner": "nixos",
        "ref": "release-23.05",
        "repo": "nixpkgs",
        "type": "github"
      }
    },
    "ps-overlay": {
      "inputs": {
        "flake-compat": "flake-compat",
        "nixpkgs": "nixpkgs_2",
        "slimlock": "slimlock"
      },
      "locked": {
        "lastModified": 1739795788,
        "narHash": "sha256-PG4lO49fvWHpQoCN3mIGflisXF+5vEf91ceV9hsWTLU=",
        "owner": "thomashoneyman",
        "repo": "purescript-overlay",
        "rev": "f754c2ef94cef46e5d5223c25d3f361e1f6cb509",
        "type": "github"
      },
      "original": {
        "owner": "thomashoneyman",
        "repo": "purescript-overlay",
        "type": "github"
      }
    },
    "registry": {
      "flake": false,
      "locked": {
        "lastModified": 1743191487,
        "narHash": "sha256-4V3sbmfFdBYwMQCh2Mm9wNCslwTYLhZk9mV1zYpyGy0=",
        "owner": "purescript",
        "repo": "registry",
        "rev": "05500a970e4fd2802cb082b0375140a60e7dd7d0",
        "type": "github"
      },
      "original": {
        "owner": "purescript",
        "repo": "registry",
        "type": "github"
      }
    },
    "registry-index": {
      "flake": false,
      "locked": {
        "lastModified": 1743190930,
        "narHash": "sha256-+4c63NgFhdOtMxO64BFTwes/dorQcI6UvbZfRiNOmi0=",
        "owner": "purescript",
        "repo": "registry-index",
        "rev": "63c5bf5c6171b8f5a5a1690b819c5b1178645fb8",
        "type": "github"
      },
      "original": {
        "owner": "purescript",
        "repo": "registry-index",
        "type": "github"
      }
    },
    "root": {
      "inputs": {
        "nixpkgs": "nixpkgs",
        "ps-overlay": "ps-overlay",
        "registry": "registry",
        "registry-index": "registry-index"
      }
    },
    "slimlock": {
      "inputs": {
        "nixpkgs": [
          "ps-overlay",
          "nixpkgs"
        ]
      },
      "locked": {
        "lastModified": 1688756706,
        "narHash": "sha256-xzkkMv3neJJJ89zo3o2ojp7nFeaZc2G0fYwNXNJRFlo=",
        "owner": "thomashoneyman",
        "repo": "slimlock",
        "rev": "cf72723f59e2340d24881fd7bf61cb113b4c407c",
        "type": "github"
      },
      "original": {
        "owner": "thomashoneyman",
        "repo": "slimlock",
        "type": "github"
      }
    }
  },
  "root": "root",
  "version": 7
}
