{
  "name": "nodemodulestest",
  "version": "1.0.0",
  "lockfileVersion": 3,
  "requires": true,
  "packages": {
    "": {
      "name": "nodemodulestest",
      "version": "1.0.0",
      "license": "ISC",
      "dependencies": {
        "apexcharts": "^4.7.0"
      }
    },
    "node_modules/@svgdotjs/svg.draggable.js": {
      "version": "3.0.6",
      "resolved": "https://registry.npmjs.org/@svgdotjs/svg.draggable.js/-/svg.draggable.js-3.0.6.tgz",
      "integrity": "sha512-7iJFm9lL3C40HQcqzEfezK2l+dW2CpoVY3b77KQGqc8GXWa6LhhmX5Ckv7alQfUXBuZbjpICZ+Dvq1czlGx7gA==",
      "license": "MIT",
      "peerDependencies": {
        "@svgdotjs/svg.js": "^3.2.4"
      }
    },
    "node_modules/@svgdotjs/svg.filter.js": {
      "version": "3.0.9",
      "resolved": "https://registry.npmjs.org/@svgdotjs/svg.filter.js/-/svg.filter.js-3.0.9.tgz",
      "integrity": "sha512-/69XMRCDoam2HgC4ldHIaDgeQf1ViHIsa0Ld4uWgiXtZ+E24DWHe/9Ib6kbNiZ7WRIdlVokUDR1Fg0kjIpkfbw==",
      "license": "MIT",
      "dependencies": {
        "@svgdotjs/svg.js": "^3.2.4"
      },
      "engines": {
        "node": ">= 0.8.0"
      }
    },
    "node_modules/@svgdotjs/svg.js": {
      "version": "3.2.4",
      "resolved": "https://registry.npmjs.org/@svgdotjs/svg.js/-/svg.js-3.2.4.tgz",
      "integrity": "sha512-BjJ/7vWNowlX3Z8O4ywT58DqbNRyYlkk6Yz/D13aB7hGmfQTvGX4Tkgtm/ApYlu9M7lCQi15xUEidqMUmdMYwg==",
      "license": "MIT",
      "funding": {
        "type": "github",
        "url": "https://github.com/sponsors/Fuzzyma"
      }
    },
    "node_modules/@svgdotjs/svg.resize.js": {
      "version": "2.0.5",
      "resolved": "https://registry.npmjs.org/@svgdotjs/svg.resize.js/-/svg.resize.js-2.0.5.tgz",
      "integrity": "sha512-4heRW4B1QrJeENfi7326lUPYBCevj78FJs8kfeDxn5st0IYPIRXoTtOSYvTzFWgaWWXd3YCDE6ao4fmv91RthA==",
      "license": "MIT",
      "engines": {
        "node": ">= 14.18"
      },
      "peerDependencies": {
        "@svgdotjs/svg.js": "^3.2.4",
        "@svgdotjs/svg.select.js": "^4.0.1"
      }
    },
    "node_modules/@svgdotjs/svg.select.js": {
      "version": "4.0.2",
      "resolved": "https://registry.npmjs.org/@svgdotjs/svg.select.js/-/svg.select.js-4.0.2.tgz",
      "integrity": "sha512-5gWdrvoQX3keo03SCmgaBbD+kFftq0F/f2bzCbNnpkkvW6tk4rl4MakORzFuNjvXPWwB4az9GwuvVxQVnjaK2g==",
      "license": "MIT",
      "engines": {
        "node": ">= 14.18"
      },
      "peerDependencies": {
        "@svgdotjs/svg.js": "^3.2.4"
      }
    },
    "node_modules/@yr/monotone-cubic-spline": {
      "version": "1.0.3",
      "resolved": "https://registry.npmjs.org/@yr/monotone-cubic-spline/-/monotone-cubic-spline-1.0.3.tgz",
      "integrity": "sha512-FQXkOta0XBSUPHndIKON2Y9JeQz5ZeMqLYZVVK93FliNBFm7LNMIZmY6FrMEB9XPcDbE2bekMbZD6kzDkxwYjA==",
      "license": "MIT"
    },
    "node_modules/apexcharts": {
      "version": "4.7.0",
      "resolved": "https://registry.npmjs.org/apexcharts/-/apexcharts-4.7.0.tgz",
      "integrity": "sha512-iZSrrBGvVlL+nt2B1NpqfDuBZ9jX61X9I2+XV0hlYXHtTwhwLTHDKGXjNXAgFBDLuvSYCB/rq2nPWVPRv2DrGA==",
      "license": "MIT",
      "dependencies": {
        "@svgdotjs/svg.draggable.js": "^3.0.4",
        "@svgdotjs/svg.filter.js": "^3.0.8",
        "@svgdotjs/svg.js": "^3.2.4",
        "@svgdotjs/svg.resize.js": "^2.0.2",
        "@svgdotjs/svg.select.js": "^4.0.1",
        "@yr/monotone-cubic-spline": "^1.0.3"
      }
    }
  }
}
